
Microsoft Visual Studio Solution File, Format Version 12.00
# Visual Studio Version 16
VisualStudioVersion = 25.0.1706.11
MinimumVisualStudioVersion = 10.0.40219.1
Project("{FAE04EC0-301F-11D3-BF4B-00C04F79EFBC}") = "RunGroupWebApp", "RunGroupWebApp\RunGroupWebApp.csproj", "{2F900AEC-2B57-4CAB-A643-E26300242F4C}"
EndProject
Global
	GlobalSection(SolutionConfigurationPlatforms) = preSolution
		Debug|Any CPU = Debug|Any CPU
		Release|Any CPU = Release|Any CPU
	EndGlobalSection
	GlobalSection(ProjectConfigurationPlatforms) = postSolution
		{2F900AEC-2B57-4CAB-A643-E26300242F4C}.Debug|Any CPU.ActiveCfg = Debug|Any CPU
		{2F900AEC-2B57-4CAB-A643-E26300242F4C}.Debug|Any CPU.Build.0 = Debug|Any CPU
		{2F900AEC-2B57-4CAB-A643-E26300242F4C}.Release|Any CPU.ActiveCfg = Release|Any CPU
		{2F900AEC-2B57-4CAB-A643-E26300242F4C}.Release|Any CPU.Build.0 = Release|Any CPU
	EndGlobalSection
	GlobalSection(SolutionProperties) = preSolution
		HideSolutionNode = FALSE
	EndGlobalSection
	GlobalSection(ExtensibilityGlobals) = postSolution
		SolutionGuid = {3C9FD09A-20F0-4BA1-8E75-344AA0AB384B}
	EndGlobalSection
EndGlobal
